background_data:
  bg_decoration_layer_id: -4
  bg_decoration_object_set_res: bg_decoration_sets/forest/forest_bg_decoration_set.bgobj
  bg_decoration_objects_pos:
  - 0
  - -300
  bg_decoration_sequence:
  - shrub
  - small_tree
  - large_tree
  - stump
  - small_tree
  - bush
  pos:
  - 0
  - -550
  res: backgrounds/forest/forest.bg
biome: forest
checkpoints:
- - checkpoint0
  - - 107
    - 32
objects_data:
  constraint21_constraint:
    anchor_a:
    - -64
    - 160
    anchor_b:
    - 0
    - 80
    name: constraint21
    object_a: dynamic_struct
    object_b: support
    res: special_objects/rope.obj
    type: constraint
  constraint22_constraint:
    anchor_a:
    - 64
    - 160
    anchor_b:
    - 0
    - 0
    name: constraint22
    object_a: dynamic_struct
    object_b: kinematic_s_1
    res: special_objects/rope.obj
    type: constraint
  dynamic_struct_structure:
    center_of_gravity:
    - 0
    - 96
    correct_angle: true
    dynamic: true
    ground:
    - - - -62
        - 160
      - - 62
        - 160
    is_built: false
    layer: 1
    mass: 100
    name: dynamic_struct
    pos:
    - 603.0
    - 337.0
    res: structures/dynamic_structures/forest/test.st
    state: base
    type: structure
    walls:
    - - - 64
        - 158
      - - 64
        - 34
    - - - 64
        - 32
      - - -64
        - 32
    - - - -64
        - 34
      - - -64
        - 158
  g_3_structure:
    ground:
    - - - -80
        - 128
      - - 80
        - 128
    is_built: false
    layer: 0
    name: g_3
    pos:
    - 1008.0
    - -96.0
    res: structures/basic_structures/forest/ground5x5.st
    state: base
    type: structure
    walls: []
  kinematic_s_1_structure:
    ground:
    - - - -56
        - 160
      - - 56
        - 160
    is_built: false
    kinematic: true
    layer: 2
    name: kinematic_s_1
    pos:
    - 940.0
    - 454.0
    res: structures/basic_structures/forest/platform4x4_slope_left.st
    state: base
    type: structure
    walls:
    - - - -56
        - 160
      - - -56
        - 96
    - - - 56
        - 160
      - - 56
        - 32
    - - - 56
        - 32
      - - -32
        - 56
    - - - -32
        - 56
      - - -56
        - 96
  player:
    res: player/white_guy.obj
    type: player
  s_3_structure:
    ground:
    - - - -56
        - 288
      - - 48
        - 288
    - - - 48
        - 272
      - - 64
        - 272
    - - - 64
        - 256
      - - 72
        - 256
    - - - -48
        - 64
      - - 80
        - 64
    is_built: false
    layer: 0
    name: s_3
    pos:
    - 1136.0
    - -32.0
    res: structures/mainbuilds/forest/mb_platform_00.st
    state: base
    type: structure
    walls:
    - - - -56
        - 288
      - - -56
        - 272
    - - - -56
        - 272
      - - -40
        - 256
    - - - -40
        - 256
      - - -40
        - 64
    - - - 72
        - 256
      - - 72
        - 64
    - - - 48
        - 288
      - - 48
        - 272
    - - - 64
        - 272
      - - 64
        - 256
  statue_structure:
    is_built: true
    layer: -1
    name: statue
    pos:
    - 107.0
    - -12.0
    res: special_objects/statue.obj
    state: base
    type: structure
  struct11_structure:
    ground:
    - - - -72
        - 96
      - - 72
        - 96
    is_built: false
    layer: 2
    name: struct11
    pos:
    - 1327.0
    - 269.0
    res: structures/basic_structures/forest/platform4x2.st
    state: base
    type: structure
    walls:
    - - - -32
        - 32
      - - 32
        - 32
    - - - 32
        - 32
      - - 72
        - 96
    - - - -72
        - 96
      - - -32
        - 32
  struct13_structure:
    ground:
    - - - -80
        - 64
      - - 80
        - 64
    is_built: false
    layer: -2
    name: struct13
    pos:
    - 624.0
    - 60.0
    res: structures/mainbuilds/forest/blah.st
    state: base
    type: structure
    walls: []
  struct14_structure:
    is_built: false
    layer: 1
    name: struct14
    pos:
    - 608.0
    - -3.0
    res: structures/basic_structures/forest/hole4x2.st
    state: base
    type: structure
  struct16_structure:
    is_built: false
    layer: -2
    name: struct16
    pos:
    - 701.0
    - -3.0
    res: structures/basic_structures/forest/black_area2x2.st
    state: base
    type: structure
  struct1_structure:
    ground:
    - - - -80
        - 128
      - - 80
        - 128
    is_built: false
    layer: 2
    name: struct1
    pos:
    - 80.0
    - -96.0
    res: structures/basic_structures/forest/ground5x5.st
    state: base
    type: structure
    walls: []
  struct20_structure:
    ground:
    - - - -80
        - 128
      - - 80
        - 128
    is_built: false
    layer: 0
    name: struct20
    pos:
    - -80.0
    - -96.0
    res: structures/basic_structures/forest/ground5x5.st
    state: base
    type: structure
    walls: []
  struct21_structure:
    ground:
    - - - -64
        - 32
      - - 37
        - 32
    is_built: false
    layer: -1
    name: struct21
    pos:
    - 1246.0
    - 129.0
    res: structures/basic_structures/forest/rihgt_wood_platform3x1.st
    state: base
    type: structure
    walls: []
  struct2_structure:
    ground:
    - - - -80
        - 128
      - - 80
        - 128
    is_built: false
    layer: 2
    name: struct2
    pos:
    - 400.0
    - -96.0
    res: structures/basic_structures/forest/ground5x5.st
    state: base
    type: structure
    walls: []
  struct3_structure:
    ground:
    - - - -80
        - 128
      - - 80
        - 128
    is_built: false
    layer: 2
    name: struct3
    pos:
    - 240.0
    - -96.0
    res: structures/basic_structures/forest/ground5x5.st
    state: base
    type: structure
    walls: []
  struct4_structure:
    ground:
    - - - -24
        - 160
      - - 32
        - 160
    - - - -32
        - 64
      - - 0
        - 64
    is_built: false
    layer: 2
    name: struct4
    pos:
    - 512.0
    - -32.0
    res: structures/basic_structures/forest/left_connector2x6.st
    state: base
    type: structure
    walls:
    - - - -24
        - 160
      - - -24
        - 64
  struct5_structure:
    ground:
    - - - -56
        - 64
      - - 56
        - 64
    is_built: false
    layer: -1
    name: struct5
    pos:
    - 624.0
    - 94.0
    res: structures/basic_structures/forest/left_shrub5x3.st
    state: base
    type: structure
    walls:
    - - - -56
        - 64
      - - -56
        - 32
    - - - 56
        - 64
      - - 56
        - 32
  struct7_structure:
    ground:
    - - - -32
        - 160
      - - 24
        - 160
    - - - 32
        - 64
      - - 0
        - 64
    is_built: false
    layer: 2
    name: struct7
    pos:
    - 736.0
    - -32.0
    res: structures/basic_structures/forest/right_connector2x6.st
    state: base
    type: structure
    walls:
    - - - 24
        - 160
      - - 24
        - 64
  struct8_structure:
    ground:
    - - - -80
        - 128
      - - 80
        - 128
    is_built: false
    layer: 2
    name: struct8
    pos:
    - 848.0
    - -96.0
    res: structures/basic_structures/forest/ground5x5.st
    state: base
    type: structure
    walls: []
  struct9_structure:
    ground:
    - - - -72
        - 96
      - - 72
        - 96
    is_built: false
    layer: 2
    name: struct9
    pos:
    - 150.0
    - 464.0
    res: structures/basic_structures/forest/platform4x2.st
    state: base
    type: structure
    walls:
    - - - -32
        - 32
      - - 32
        - 32
    - - - 32
        - 32
      - - 72
        - 96
    - - - -72
        - 96
      - - -32
        - 32
  support_structure:
    ground:
    - - - -72
        - 96
      - - 72
        - 96
    is_built: false
    layer: 0
    name: support
    pos:
    - 122.0
    - 706.0
    res: structures/basic_structures/forest/platform4x2.st
    state: base
    type: structure
    walls:
    - - - -32
        - 32
      - - 32
        - 32
    - - - 32
        - 32
      - - 72
        - 96
    - - - -72
        - 96
      - - -32
        - 32
palette: structure_palettes/forest/forest_structure_tilesets.stsp
space: true
triggers_data:
  border_of_world:
    actions:
    - entity_name: player
      npos:
      - -16
      - 50
      type_: TPEntity
    enabled: true
    id: 49
    right: -18
  bottom_of_world_killbox:
    actions:
    - action_name: die
      arg: []
      entity_name: player
      type_: ActionOnEntity
    enabled: true
    id: 3
    top: -50
  level_transition_1:
    actions:
    - color:
      - 0
      - 0
      - 0
      duration: 8
      fade: in
      priority: 8
      stop_after_end: false
      trigger_to_enable: 19
      type_: CreateTransition
    - target: 18
      type_: DisableTrigger
    enabled: true
    id: 18
    right: 8
  load_previous_level:
    actions:
    - map_id: 0
      type_: LoadMap
    - entity_name: player
      npos:
      - 820
      - 273
      type_: TPEntity
    - type_: SetCameraPosition
      x: -176
      y: 0
    enabled: false
    id: 19
  lock_cam:
    actions:
    - mode: follow
      type_: LockCamera
      x: true
      y: false
    - target: 1
      type_: DisableTrigger
    - follow_sensitivity: 30
      left_limit: 0
      moving_threshold: 4
      type_: CameraSettings
    - target: 2
      type_: EnableTrigger
    - color:
      - 0
      - 0
      - 0
      duration: 8
      fade: out
      priority: 0
      type_: CreateTransition
    enabled: true
    id: 1
  make_block_fall:
    actions:
    - target: 24
      type_: DisableTrigger
    - fade_in: 3
      fade_out: 3
      struct_name: kinematic_s_1
      total_duration: 30
      type_: MoveKinematicStructure
      x: 840
      y: 500
    enabled: false
    id: 24
  move_block_up:
    actions:
    - target: 23
      type_: DisableTrigger
    - fade_in: 3
      fade_out: 3
      struct_name: kinematic_s_1
      total_duration: 400
      type_: MoveKinematicStructure
      x: 840
      y: 1000
    - ticks: 400
      trigger_to_enable: 24
      type_: ScheduleTriggerEnabling
    enabled: true
    id: 23
    left: 780
    right: 900
  move_cam:
    actions:
    - dx: 640
      dy: 400
      fade_in: 1
      fade_out: 1
      total_duration: 40
      type_: RelativeMovecam
    - target: 2
      type_: DisableTrigger
    enabled: false
    id: 2
  start_inversion:
    actions:
    - target: 26
      type_: DisableTrigger
    - type_: StartInversion
    - target: 23
      type_: DisableTrigger
    - target: 24
      type_: DisableTrigger
    - color:
      - 200
      - 200
      - 210
      duration: 8
      fade: out
      priority: 3
      stop_after_end: true
      type_: CreateTransition
    enabled: false
    id: 26
  start_inversion_recording:
    actions:
    - target: 25
      type_: DisableTrigger
    - type_: StartRecordingForInversion
    enabled: true
    id: 25
  start_inversion_transition:
    actions:
    - target: 27
      type_: DisableTrigger
    - color:
      - 200
      - 200
      - 210
      duration: 8
      fade: in
      priority: 3
      trigger_to_enable: 26
      type_: CreateTransition
    enabled: true
    id: 27
    left: 1092
    right: 1200
